// !$*UTF8*$!
{
	archiveVersion = 1;
	classes = {
	};
	objectVersion = 56;
	objects = {

/* Begin PBXBuildFile section */
		EA28EBE3297C73DB00A1A695 /* PrayTimeApp.swift in Sources */ = {isa = PBXBuildFile; fileRef = EA28EBE2297C73DB00A1A695 /* PrayTimeApp.swift */; };
		EA28EBE5297C73DB00A1A695 /* ContentView.swift in Sources */ = {isa = PBXBuildFile; fileRef = EA28EBE4297C73DB00A1A695 /* ContentView.swift */; };
		EA28EBE7297C73DC00A1A695 /* Assets.xcassets in Resources */ = {isa = PBXBuildFile; fileRef = EA28EBE6297C73DC00A1A695 /* Assets.xcassets */; };
		EA28EBEA297C73DC00A1A695 /* Preview Assets.xcassets in Resources */ = {isa = PBXBuildFile; fileRef = EA28EBE9297C73DC00A1A695 /* Preview Assets.xcassets */; };
		EA28EBF5297C73DC00A1A695 /* PrayTimeTests.swift in Sources */ = {isa = PBXBuildFile; fileRef = EA28EBF4297C73DC00A1A695 /* PrayTimeTests.swift */; };
		EA28EBFF297C73DC00A1A695 /* PrayTimeUITests.swift in Sources */ = {isa = PBXBuildFile; fileRef = EA28EBFE297C73DC00A1A695 /* PrayTimeUITests.swift */; };
		EA28EC01297C73DC00A1A695 /* PrayTimeUITestsLaunchTests.swift in Sources */ = {isa = PBXBuildFile; fileRef = EA28EC00297C73DC00A1A695 /* PrayTimeUITestsLaunchTests.swift */; };
		EA28EC0F297C78A100A1A695 /* PrayData.swift in Sources */ = {isa = PBXBuildFile; fileRef = EA28EC0E297C78A100A1A695 /* PrayData.swift */; };
		EA28EC13297C8B7900A1A695 /* PrayService.swift in Sources */ = {isa = PBXBuildFile; fileRef = EA28EC12297C8B7900A1A695 /* PrayService.swift */; };
		EA28EC16297C8E2400A1A695 /* PrayInfoViewModel.swift in Sources */ = {isa = PBXBuildFile; fileRef = EA28EC15297C8E2400A1A695 /* PrayInfoViewModel.swift */; };
		EA28EC19297C8E9600A1A695 /* Constants.swift in Sources */ = {isa = PBXBuildFile; fileRef = EA28EC18297C8E9600A1A695 /* Constants.swift */; };
/* End PBXBuildFile section */

/* Begin PBXContainerItemProxy section */
		EA28EBF1297C73DC00A1A695 /* PBXContainerItemProxy */ = {
			isa = PBXContainerItemProxy;
			containerPortal = EA28EBD7297C73DB00A1A695 /* Project object */;
			proxyType = 1;
			remoteGlobalIDString = EA28EBDE297C73DB00A1A695;
			remoteInfo = PrayTime;
		};
		EA28EBFB297C73DC00A1A695 /* PBXContainerItemProxy */ = {
			isa = PBXContainerItemProxy;
			containerPortal = EA28EBD7297C73DB00A1A695 /* Project object */;
			proxyType = 1;
			remoteGlobalIDString = EA28EBDE297C73DB00A1A695;
			remoteInfo = PrayTime;
		};
/* End PBXContainerItemProxy section */

/* Begin PBXFileReference section */
		EA28EBDF297C73DB00A1A695 /* PrayTime.app */ = {isa = PBXFileReference; explicitFileType = wrapper.application; includeInIndex = 0; path = PrayTime.app; sourceTree = BUILT_PRODUCTS_DIR; };
		EA28EBE2297C73DB00A1A695 /* PrayTimeApp.swift */ = {isa = PBXFileReference; lastKnownFileType = sourcecode.swift; path = PrayTimeApp.swift; sourceTree = "<group>"; };
		EA28EBE4297C73DB00A1A695 /* ContentView.swift */ = {isa = PBXFileReference; lastKnownFileType = sourcecode.swift; path = ContentView.swift; sourceTree = "<group>"; };
		EA28EBE6297C73DC00A1A695 /* Assets.xcassets */ = {isa = PBXFileReference; lastKnownFileType = folder.assetcatalog; path = Assets.xcassets; sourceTree = "<group>"; };
		EA28EBE9297C73DC00A1A695 /* Preview Assets.xcassets */ = {isa = PBXFileReference; lastKnownFileType = folder.assetcatalog; path = "Preview Assets.xcassets"; sourceTree = "<group>"; };
		EA28EBEB297C73DC00A1A695 /* PrayTime.entitlements */ = {isa = PBXFileReference; lastKnownFileType = text.plist.entitlements; path = PrayTime.entitlements; sourceTree = "<group>"; };
		EA28EBF0297C73DC00A1A695 /* PrayTimeTests.xctest */ = {isa = PBXFileReference; explicitFileType = wrapper.cfbundle; includeInIndex = 0; path = PrayTimeTests.xctest; sourceTree = BUILT_PRODUCTS_DIR; };
		EA28EBF4297C73DC00A1A695 /* PrayTimeTests.swift */ = {isa = PBXFileReference; lastKnownFileType = sourcecode.swift; path = PrayTimeTests.swift; sourceTree = "<group>"; };
		EA28EBFA297C73DC00A1A695 /* PrayTimeUITests.xctest */ = {isa = PBXFileReference; explicitFileType = wrapper.cfbundle; includeInIndex = 0; path = PrayTimeUITests.xctest; sourceTree = BUILT_PRODUCTS_DIR; };
		EA28EBFE297C73DC00A1A695 /* PrayTimeUITests.swift */ = {isa = PBXFileReference; lastKnownFileType = sourcecode.swift; path = PrayTimeUITests.swift; sourceTree = "<group>"; };
		EA28EC00297C73DC00A1A695 /* PrayTimeUITestsLaunchTests.swift */ = {isa = PBXFileReference; lastKnownFileType = sourcecode.swift; path = PrayTimeUITestsLaunchTests.swift; sourceTree = "<group>"; };
		EA28EC0D297C776600A1A695 /* Info.plist */ = {isa = PBXFileReference; lastKnownFileType = text.plist; path = Info.plist; sourceTree = "<group>"; };
		EA28EC0E297C78A100A1A695 /* PrayData.swift */ = {isa = PBXFileReference; lastKnownFileType = sourcecode.swift; path = PrayData.swift; sourceTree = "<group>"; };
		EA28EC12297C8B7900A1A695 /* PrayService.swift */ = {isa = PBXFileReference; lastKnownFileType = sourcecode.swift; path = PrayService.swift; sourceTree = "<group>"; };
		EA28EC15297C8E2400A1A695 /* PrayInfoViewModel.swift */ = {isa = PBXFileReference; lastKnownFileType = sourcecode.swift; path = PrayInfoViewModel.swift; sourceTree = "<group>"; };
		EA28EC18297C8E9600A1A695 /* Constants.swift */ = {isa = PBXFileReference; lastKnownFileType = sourcecode.swift; path = Constants.swift; sourceTree = "<group>"; };
/* End PBXFileReference section */

/* Begin PBXFrameworksBuildPhase section */
		EA28EBDC297C73DB00A1A695 /* Frameworks */ = {
			isa = PBXFrameworksBuildPhase;
			buildActionMask = 2147483647;
			files = (
			);
			runOnlyForDeploymentPostprocessing = 0;
		};
		EA28EBED297C73DC00A1A695 /* Frameworks */ = {
			isa = PBXFrameworksBuildPhase;
			buildActionMask = 2147483647;
			files = (
			);
			runOnlyForDeploymentPostprocessing = 0;
		};
		EA28EBF7297C73DC00A1A695 /* Frameworks */ = {
			isa = PBXFrameworksBuildPhase;
			buildActionMask = 2147483647;
			files = (
			);
			runOnlyForDeploymentPostprocessing = 0;
		};
/* End PBXFrameworksBuildPhase section */

/* Begin PBXGroup section */
		EA28EBD6297C73DB00A1A695 = {
			isa = PBXGroup;
			children = (
				EA28EBE1297C73DB00A1A695 /* PrayTime */,
				EA28EBF3297C73DC00A1A695 /* PrayTimeTests */,
				EA28EBFD297C73DC00A1A695 /* PrayTimeUITests */,
				EA28EBE0297C73DB00A1A695 /* Products */,
			);
			sourceTree = "<group>";
		};
		EA28EBE0297C73DB00A1A695 /* Products */ = {
			isa = PBXGroup;
			children = (
				EA28EBDF297C73DB00A1A695 /* PrayTime.app */,
				EA28EBF0297C73DC00A1A695 /* PrayTimeTests.xctest */,
				EA28EBFA297C73DC00A1A695 /* PrayTimeUITests.xctest */,
			);
			name = Products;
			sourceTree = "<group>";
		};
		EA28EBE1297C73DB00A1A695 /* PrayTime */ = {
			isa = PBXGroup;
			children = (
				EA28EC17297C8E8900A1A695 /* Utils */,
				EA28EC14297C8E0E00A1A695 /* View Models */,
				EA28EC11297C8B5E00A1A695 /* Services */,
				EA28EC10297C8B2F00A1A695 /* Models */,
				EA28EC0D297C776600A1A695 /* Info.plist */,
				EA28EBE2297C73DB00A1A695 /* PrayTimeApp.swift */,
				EA28EBE4297C73DB00A1A695 /* ContentView.swift */,
				EA28EBE6297C73DC00A1A695 /* Assets.xcassets */,
				EA28EBEB297C73DC00A1A695 /* PrayTime.entitlements */,
				EA28EBE8297C73DC00A1A695 /* Preview Content */,
			);
			path = PrayTime;
			sourceTree = "<group>";
		};
		EA28EBE8297C73DC00A1A695 /* Preview Content */ = {
			isa = PBXGroup;
			children = (
				EA28EBE9297C73DC00A1A695 /* Preview Assets.xcassets */,
			);
			path = "Preview Content";
			sourceTree = "<group>";
		};
		EA28EBF3297C73DC00A1A695 /* PrayTimeTests */ = {
			isa = PBXGroup;
			children = (
				EA28EBF4297C73DC00A1A695 /* PrayTimeTests.swift */,
			);
			path = PrayTimeTests;
			sourceTree = "<group>";
		};
		EA28EBFD297C73DC00A1A695 /* PrayTimeUITests */ = {
			isa = PBXGroup;
			children = (
				EA28EBFE297C73DC00A1A695 /* PrayTimeUITests.swift */,
				EA28EC00297C73DC00A1A695 /* PrayTimeUITestsLaunchTests.swift */,
			);
			path = PrayTimeUITests;
			sourceTree = "<group>";
		};
		EA28EC10297C8B2F00A1A695 /* Models */ = {
			isa = PBXGroup;
			children = (
				EA28EC0E297C78A100A1A695 /* PrayData.swift */,
			);
			path = Models;
			sourceTree = "<group>";
		};
		EA28EC11297C8B5E00A1A695 /* Services */ = {
			isa = PBXGroup;
			children = (
				EA28EC12297C8B7900A1A695 /* PrayService.swift */,
			);
			path = Services;
			sourceTree = "<group>";
		};
		EA28EC14297C8E0E00A1A695 /* View Models */ = {
			isa = PBXGroup;
			children = (
				EA28EC15297C8E2400A1A695 /* PrayInfoViewModel.swift */,
			);
			path = "View Models";
			sourceTree = "<group>";
		};
		EA28EC17297C8E8900A1A695 /* Utils */ = {
			isa = PBXGroup;
			children = (
				EA28EC18297C8E9600A1A695 /* Constants.swift */,
			);
			path = Utils;
			sourceTree = "<group>";
		};
/* End PBXGroup section */

/* Begin PBXNativeTarget section */
		EA28EBDE297C73DB00A1A695 /* PrayTime */ = {
			isa = PBXNativeTarget;
			buildConfigurationList = EA28EC04297C73DC00A1A695 /* Build configuration list for PBXNativeTarget "PrayTime" */;
			buildPhases = (
				EA28EBDB297C73DB00A1A695 /* Sources */,
				EA28EBDC297C73DB00A1A695 /* Frameworks */,
				EA28EBDD297C73DB00A1A695 /* Resources */,
			);
			buildRules = (
			);
			dependencies = (
			);
			name = PrayTime;
			productName = PrayTime;
			productReference = EA28EBDF297C73DB00A1A695 /* PrayTime.app */;
			productType = "com.apple.product-type.application";
		};
		EA28EBEF297C73DC00A1A695 /* PrayTimeTests */ = {
			isa = PBXNativeTarget;
			buildConfigurationList = EA28EC07297C73DC00A1A695 /* Build configuration list for PBXNativeTarget "PrayTimeTests" */;
			buildPhases = (
				EA28EBEC297C73DC00A1A695 /* Sources */,
				EA28EBED297C73DC00A1A695 /* Frameworks */,
				EA28EBEE297C73DC00A1A695 /* Resources */,
			);
			buildRules = (
			);
			dependencies = (
				EA28EBF2297C73DC00A1A695 /* PBXTargetDependency */,
			);
			name = PrayTimeTests;
			productName = PrayTimeTests;
			productReference = EA28EBF0297C73DC00A1A695 /* PrayTimeTests.xctest */;
			productType = "com.apple.product-type.bundle.unit-test";
		};
		EA28EBF9297C73DC00A1A695 /* PrayTimeUITests */ = {
			isa = PBXNativeTarget;
			buildConfigurationList = EA28EC0A297C73DC00A1A695 /* Build configuration list for PBXNativeTarget "PrayTimeUITests" */;
			buildPhases = (
				EA28EBF6297C73DC00A1A695 /* Sources */,
				EA28EBF7297C73DC00A1A695 /* Frameworks */,
				EA28EBF8297C73DC00A1A695 /* Resources */,
			);
			buildRules = (
			);
			dependencies = (
				EA28EBFC297C73DC00A1A695 /* PBXTargetDependency */,
			);
			name = PrayTimeUITests;
			productName = PrayTimeUITests;
			productReference = EA28EBFA297C73DC00A1A695 /* PrayTimeUITests.xctest */;
			productType = "com.apple.product-type.bundle.ui-testing";
		};
/* End PBXNativeTarget section */

/* Begin PBXProject section */
		EA28EBD7297C73DB00A1A695 /* Project object */ = {
			isa = PBXProject;
			attributes = {
				BuildIndependentTargetsInParallel = 1;
				LastSwiftUpdateCheck = 1420;
				LastUpgradeCheck = 1420;
				TargetAttributes = {
					EA28EBDE297C73DB00A1A695 = {
						CreatedOnToolsVersion = 14.2;
					};
					EA28EBEF297C73DC00A1A695 = {
						CreatedOnToolsVersion = 14.2;
						TestTargetID = EA28EBDE297C73DB00A1A695;
					};
					EA28EBF9297C73DC00A1A695 = {
						CreatedOnToolsVersion = 14.2;
						TestTargetID = EA28EBDE297C73DB00A1A695;
					};
				};
			};
			buildConfigurationList = EA28EBDA297C73DB00A1A695 /* Build configuration list for PBXProject "PrayTime" */;
			compatibilityVersion = "Xcode 14.0";
			developmentRegion = en;
			hasScannedForEncodings = 0;
			knownRegions = (
				en,
				Base,
			);
			mainGroup = EA28EBD6297C73DB00A1A695;
			productRefGroup = EA28EBE0297C73DB00A1A695 /* Products */;
			projectDirPath = "";
			projectRoot = "";
			targets = (
				EA28EBDE297C73DB00A1A695 /* PrayTime */,
				EA28EBEF297C73DC00A1A695 /* PrayTimeTests */,
				EA28EBF9297C73DC00A1A695 /* PrayTimeUITests */,
			);
		};
/* End PBXProject section */

/* Begin PBXResourcesBuildPhase section */
		EA28EBDD297C73DB00A1A695 /* Resources */ = {
			isa = PBXResourcesBuildPhase;
			buildActionMask = 2147483647;
			files = (
				EA28EBEA297C73DC00A1A695 /* Preview Assets.xcassets in Resources */,
				EA28EBE7297C73DC00A1A695 /* Assets.xcassets in Resources */,
			);
			runOnlyForDeploymentPostprocessing = 0;
		};
		EA28EBEE297C73DC00A1A695 /* Resources */ = {
			isa = PBXResourcesBuildPhase;
			buildActionMask = 2147483647;
			files = (
			);
			runOnlyForDeploymentPostprocessing = 0;
		};
		EA28EBF8297C73DC00A1A695 /* Resources */ = {
			isa = PBXResourcesBuildPhase;
			buildActionMask = 2147483647;
			files = (
			);
			runOnlyForDeploymentPostprocessing = 0;
		};
/* End PBXResourcesBuildPhase section */

/* Begin PBXSourcesBuildPhase section */
		EA28EBDB297C73DB00A1A695 /* Sources */ = {
			isa = PBXSourcesBuildPhase;
			buildActionMask = 2147483647;
			files = (
				EA28EC16297C8E2400A1A695 /* PrayInfoViewModel.swift in Sources */,
				EA28EC0F297C78A100A1A695 /* PrayData.swift in Sources */,
				EA28EC13297C8B7900A1A695 /* PrayService.swift in Sources */,
				EA28EBE5297C73DB00A1A695 /* ContentView.swift in Sources */,
				EA28EBE3297C73DB00A1A695 /* PrayTimeApp.swift in Sources */,
				EA28EC19297C8E9600A1A695 /* Constants.swift in Sources */,
			);
			runOnlyForDeploymentPostprocessing = 0;
		};
		EA28EBEC297C73DC00A1A695 /* Sources */ = {
			isa = PBXSourcesBuildPhase;
			buildActionMask = 2147483647;
			files = (
				EA28EBF5297C73DC00A1A695 /* PrayTimeTests.swift in Sources */,
			);
			runOnlyForDeploymentPostprocessing = 0;
		};
		EA28EBF6297C73DC00A1A695 /* Sources */ = {
			isa = PBXSourcesBuildPhase;
			buildActionMask = 2147483647;
			files = (
				EA28EC01297C73DC00A1A695 /* PrayTimeUITestsLaunchTests.swift in Sources */,
				EA28EBFF297C73DC00A1A695 /* PrayTimeUITests.swift in Sources */,
			);
			runOnlyForDeploymentPostprocessing = 0;
		};
/* End PBXSourcesBuildPhase section */

/* Begin PBXTargetDependency section */
		EA28EBF2297C73DC00A1A695 /* PBXTargetDependency */ = {
			isa = PBXTargetDependency;
			target = EA28EBDE297C73DB00A1A695 /* PrayTime */;
			targetProxy = EA28EBF1297C73DC00A1A695 /* PBXContainerItemProxy */;
		};
		EA28EBFC297C73DC00A1A695 /* PBXTargetDependency */ = {
			isa = PBXTargetDependency;
			target = EA28EBDE297C73DB00A1A695 /* PrayTime */;
			targetProxy = EA28EBFB297C73DC00A1A695 /* PBXContainerItemProxy */;
		};
/* End PBXTargetDependency section */

/* Begin XCBuildConfiguration section */
		EA28EC02297C73DC00A1A695 /* Debug */ = {
			isa = XCBuildConfiguration;
			buildSettings = {
				ALWAYS_SEARCH_USER_PATHS = NO;
				CLANG_ANALYZER_NONNULL = YES;
				CLANG_ANALYZER_NUMBER_OBJECT_CONVERSION = YES_AGGRESSIVE;
				CLANG_CXX_LANGUAGE_STANDARD = "gnu++20";
				CLANG_ENABLE_MODULES = YES;
				CLANG_ENABLE_OBJC_ARC = YES;
				CLANG_ENABLE_OBJC_WEAK = YES;
				CLANG_WARN_BLOCK_CAPTURE_AUTORELEASING = YES;
				CLANG_WARN_BOOL_CONVERSION = YES;
				CLANG_WARN_COMMA = YES;
				CLANG_WARN_CONSTANT_CONVERSION = YES;
				CLANG_WARN_DEPRECATED_OBJC_IMPLEMENTATIONS = YES;
				CLANG_WARN_DIRECT_OBJC_ISA_USAGE = YES_ERROR;
				CLANG_WARN_DOCUMENTATION_COMMENTS = YES;
				CLANG_WARN_EMPTY_BODY = YES;
				CLANG_WARN_ENUM_CONVERSION = YES;
				CLANG_WARN_INFINITE_RECURSION = YES;
				CLANG_WARN_INT_CONVERSION = YES;
				CLANG_WARN_NON_LITERAL_NULL_CONVERSION = YES;
				CLANG_WARN_OBJC_IMPLICIT_RETAIN_SELF = YES;
				CLANG_WARN_OBJC_LITERAL_CONVERSION = YES;
				CLANG_WARN_OBJC_ROOT_CLASS = YES_ERROR;
				CLANG_WARN_QUOTED_INCLUDE_IN_FRAMEWORK_HEADER = YES;
				CLANG_WARN_RANGE_LOOP_ANALYSIS = YES;
				CLANG_WARN_STRICT_PROTOTYPES = YES;
				CLANG_WARN_SUSPICIOUS_MOVE = YES;
				CLANG_WARN_UNGUARDED_AVAILABILITY = YES_AGGRESSIVE;
				CLANG_WARN_UNREACHABLE_CODE = YES;
				CLANG_WARN__DUPLICATE_METHOD_MATCH = YES;
				COPY_PHASE_STRIP = NO;
				DEBUG_INFORMATION_FORMAT = dwarf;
				ENABLE_STRICT_OBJC_MSGSEND = YES;
				ENABLE_TESTABILITY = YES;
				GCC_C_LANGUAGE_STANDARD = gnu11;
				GCC_DYNAMIC_NO_PIC = NO;
				GCC_NO_COMMON_BLOCKS = YES;
				GCC_OPTIMIZATION_LEVEL = 0;
				GCC_PREPROCESSOR_DEFINITIONS = (
					"DEBUG=1",
					"$(inherited)",
				);
				GCC_WARN_64_TO_32_BIT_CONVERSION = YES;
				GCC_WARN_ABOUT_RETURN_TYPE = YES_ERROR;
				GCC_WARN_UNDECLARED_SELECTOR = YES;
				GCC_WARN_UNINITIALIZED_AUTOS = YES_AGGRESSIVE;
				GCC_WARN_UNUSED_FUNCTION = YES;
				GCC_WARN_UNUSED_VARIABLE = YES;
				MACOSX_DEPLOYMENT_TARGET = 13.1;
				MTL_ENABLE_DEBUG_INFO = INCLUDE_SOURCE;
				MTL_FAST_MATH = YES;
				ONLY_ACTIVE_ARCH = YES;
				SDKROOT = macosx;
				SWIFT_ACTIVE_COMPILATION_CONDITIONS = DEBUG;
				SWIFT_OPTIMIZATION_LEVEL = "-Onone";
			};
			name = Debug;
		};
		EA28EC03297C73DC00A1A695 /* Release */ = {
			isa = XCBuildConfiguration;
			buildSettings = {
				ALWAYS_SEARCH_USER_PATHS = NO;
				CLANG_ANALYZER_NONNULL = YES;
				CLANG_ANALYZER_NUMBER_OBJECT_CONVERSION = YES_AGGRESSIVE;
				CLANG_CXX_LANGUAGE_STANDARD = "gnu++20";
				CLANG_ENABLE_MODULES = YES;
				CLANG_ENABLE_OBJC_ARC = YES;
				CLANG_ENABLE_OBJC_WEAK = YES;
				CLANG_WARN_BLOCK_CAPTURE_AUTORELEASING = YES;
				CLANG_WARN_BOOL_CONVERSION = YES;
				CLANG_WARN_COMMA = YES;
				CLANG_WARN_CONSTANT_CONVERSION = YES;
				CLANG_WARN_DEPRECATED_OBJC_IMPLEMENTATIONS = YES;
				CLANG_WARN_DIRECT_OBJC_ISA_USAGE = YES_ERROR;
				CLANG_WARN_DOCUMENTATION_COMMENTS = YES;
				CLANG_WARN_EMPTY_BODY = YES;
				CLANG_WARN_ENUM_CONVERSION = YES;
				CLANG_WARN_INFINITE_RECURSION = YES;
				CLANG_WARN_INT_CONVERSION = YES;
				CLANG_WARN_NON_LITERAL_NULL_CONVERSION = YES;
				CLANG_WARN_OBJC_IMPLICIT_RETAIN_SELF = YES;
				CLANG_WARN_OBJC_LITERAL_CONVERSION = YES;
				CLANG_WARN_OBJC_ROOT_CLASS = YES_ERROR;
				CLANG_WARN_QUOTED_INCLUDE_IN_FRAMEWORK_HEADER = YES;
				CLANG_WARN_RANGE_LOOP_ANALYSIS = YES;
				CLANG_WARN_STRICT_PROTOTYPES = YES;
				CLANG_WARN_SUSPICIOUS_MOVE = YES;
				CLANG_WARN_UNGUARDED_AVAILABILITY = YES_AGGRESSIVE;
				CLANG_WARN_UNREACHABLE_CODE = YES;
				CLANG_WARN__DUPLICATE_METHOD_MATCH = YES;
				COPY_PHASE_STRIP = NO;
				DEBUG_INFORMATION_FORMAT = "dwarf-with-dsym";
				ENABLE_NS_ASSERTIONS = NO;
				ENABLE_STRICT_OBJC_MSGSEND = YES;
				GCC_C_LANGUAGE_STANDARD = gnu11;
				GCC_NO_COMMON_BLOCKS = YES;
				GCC_WARN_64_TO_32_BIT_CONVERSION = YES;
				GCC_WARN_ABOUT_RETURN_TYPE = YES_ERROR;
				GCC_WARN_UNDECLARED_SELECTOR = YES;
				GCC_WARN_UNINITIALIZED_AUTOS = YES_AGGRESSIVE;
				GCC_WARN_UNUSED_FUNCTION = YES;
				GCC_WARN_UNUSED_VARIABLE = YES;
				MACOSX_DEPLOYMENT_TARGET = 13.1;
				MTL_ENABLE_DEBUG_INFO = NO;
				MTL_FAST_MATH = YES;
				SDKROOT = macosx;
				SWIFT_COMPILATION_MODE = wholemodule;
				SWIFT_OPTIMIZATION_LEVEL = "-O";
			};
			name = Release;
		};
		EA28EC05297C73DC00A1A695 /* Debug */ = {
			isa = XCBuildConfiguration;
			buildSettings = {
				ASSETCATALOG_COMPILER_APPICON_NAME = AppIcon;
				ASSETCATALOG_COMPILER_GLOBAL_ACCENT_COLOR_NAME = AccentColor;
				CODE_SIGN_ENTITLEMENTS = PrayTime/PrayTime.entitlements;
				CODE_SIGN_STYLE = Automatic;
				COMBINE_HIDPI_IMAGES = YES;
				CURRENT_PROJECT_VERSION = 1;
				DEVELOPMENT_ASSET_PATHS = "\"PrayTime/Preview Content\"";
				ENABLE_PREVIEWS = YES;
				GENERATE_INFOPLIST_FILE = YES;
				INFOPLIST_FILE = PrayTime/Info.plist;
				INFOPLIST_KEY_LSUIElement = YES;
				INFOPLIST_KEY_NSHumanReadableCopyright = "";
				LD_RUNPATH_SEARCH_PATHS = (
					"$(inherited)",
					"@executable_path/../Frameworks",
				);
				MARKETING_VERSION = 1.0;
				PRODUCT_BUNDLE_IDENTIFIER = com.kycapps.PrayTime;
				PRODUCT_NAME = "$(TARGET_NAME)";
				SWIFT_EMIT_LOC_STRINGS = YES;
				SWIFT_VERSION = 5.0;
			};
			name = Debug;
		};
		EA28EC06297C73DC00A1A695 /* Release */ = {
			isa = XCBuildConfiguration;
			buildSettings = {
				ASSETCATALOG_COMPILER_APPICON_NAME = AppIcon;
				ASSETCATALOG_COMPILER_GLOBAL_ACCENT_COLOR_NAME = AccentColor;
				CODE_SIGN_ENTITLEMENTS = PrayTime/PrayTime.entitlements;
				CODE_SIGN_STYLE = Automatic;
				COMBINE_HIDPI_IMAGES = YES;
				CURRENT_PROJECT_VERSION = 1;
				DEVELOPMENT_ASSET_PATHS = "\"PrayTime/Preview Content\"";
				ENABLE_PREVIEWS = YES;
				GENERATE_INFOPLIST_FILE = YES;
				INFOPLIST_FILE = PrayTime/Info.plist;
				INFOPLIST_KEY_LSUIElement = YES;
				INFOPLIST_KEY_NSHumanReadableCopyright = "";
				LD_RUNPATH_SEARCH_PATHS = (
					"$(inherited)",
					"@executable_path/../Frameworks",
				);
				MARKETING_VERSION = 1.0;
				PRODUCT_BUNDLE_IDENTIFIER = com.kycapps.PrayTime;
				PRODUCT_NAME = "$(TARGET_NAME)";
				SWIFT_EMIT_LOC_STRINGS = YES;
				SWIFT_VERSION = 5.0;
			};
			name = Release;
		};
		EA28EC08297C73DC00A1A695 /* Debug */ = {
			isa = XCBuildConfiguration;
			buildSettings = {
				ALWAYS_EMBED_SWIFT_STANDARD_LIBRARIES = YES;
				BUNDLE_LOADER = "$(TEST_HOST)";
				CODE_SIGN_STYLE = Automatic;
				CURRENT_PROJECT_VERSION = 1;
				GENERATE_INFOPLIST_FILE = YES;
				MACOSX_DEPLOYMENT_TARGET = 13.1;
				MARKETING_VERSION = 1.0;
				PRODUCT_BUNDLE_IDENTIFIER = com.kycapps.PrayTimeTests;
				PRODUCT_NAME = "$(TARGET_NAME)";
				SWIFT_EMIT_LOC_STRINGS = NO;
				SWIFT_VERSION = 5.0;
				TEST_HOST = "$(BUILT_PRODUCTS_DIR)/PrayTime.app/$(BUNDLE_EXECUTABLE_FOLDER_PATH)/PrayTime";
			};
			name = Debug;
		};
		EA28EC09297C73DC00A1A695 /* Release */ = {
			isa = XCBuildConfiguration;
			buildSettings = {
				ALWAYS_EMBED_SWIFT_STANDARD_LIBRARIES = YES;
				BUNDLE_LOADER = "$(TEST_HOST)";
				CODE_SIGN_STYLE = Automatic;
				CURRENT_PROJECT_VERSION = 1;
				GENERATE_INFOPLIST_FILE = YES;
				MACOSX_DEPLOYMENT_TARGET = 13.1;
				MARKETING_VERSION = 1.0;
				PRODUCT_BUNDLE_IDENTIFIER = com.kycapps.PrayTimeTests;
				PRODUCT_NAME = "$(TARGET_NAME)";
				SWIFT_EMIT_LOC_STRINGS = NO;
				SWIFT_VERSION = 5.0;
				TEST_HOST = "$(BUILT_PRODUCTS_DIR)/PrayTime.app/$(BUNDLE_EXECUTABLE_FOLDER_PATH)/PrayTime";
			};
			name = Release;
		};
		EA28EC0B297C73DC00A1A695 /* Debug */ = {
			isa = XCBuildConfiguration;
			buildSettings = {
				ALWAYS_EMBED_SWIFT_STANDARD_LIBRARIES = YES;
				CODE_SIGN_STYLE = Automatic;
				CURRENT_PROJECT_VERSION = 1;
				GENERATE_INFOPLIST_FILE = YES;
				MARKETING_VERSION = 1.0;
				PRODUCT_BUNDLE_IDENTIFIER = com.kycapps.PrayTimeUITests;
				PRODUCT_NAME = "$(TARGET_NAME)";
				SWIFT_EMIT_LOC_STRINGS = NO;
				SWIFT_VERSION = 5.0;
				TEST_TARGET_NAME = PrayTime;
			};
			name = Debug;
		};
		EA28EC0C297C73DC00A1A695 /* Release */ = {
			isa = XCBuildConfiguration;
			buildSettings = {
				ALWAYS_EMBED_SWIFT_STANDARD_LIBRARIES = YES;
				CODE_SIGN_STYLE = Automatic;
				CURRENT_PROJECT_VERSION = 1;
				GENERATE_INFOPLIST_FILE = YES;
				MARKETING_VERSION = 1.0;
				PRODUCT_BUNDLE_IDENTIFIER = com.kycapps.PrayTimeUITests;
				PRODUCT_NAME = "$(TARGET_NAME)";
				SWIFT_EMIT_LOC_STRINGS = NO;
				SWIFT_VERSION = 5.0;
				TEST_TARGET_NAME = PrayTime;
			};
			name = Release;
		};
/* End XCBuildConfiguration section */

/* Begin XCConfigurationList section */
		EA28EBDA297C73DB00A1A695 /* Build configuration list for PBXProject "PrayTime" */ = {
			isa = XCConfigurationList;
			buildConfigurations = (
				EA28EC02297C73DC00A1A695 /* Debug */,
				EA28EC03297C73DC00A1A695 /* Release */,
			);
			defaultConfigurationIsVisible = 0;
			defaultConfigurationName = Release;
		};
		EA28EC04297C73DC00A1A695 /* Build configuration list for PBXNativeTarget "PrayTime" */ = {
			isa = XCConfigurationList;
			buildConfigurations = (
				EA28EC05297C73DC00A1A695 /* Debug */,
				EA28EC06297C73DC00A1A695 /* Release */,
			);
			defaultConfigurationIsVisible = 0;
			defaultConfigurationName = Release;
		};
		EA28EC07297C73DC00A1A695 /* Build configuration list for PBXNativeTarget "PrayTimeTests" */ = {
			isa = XCConfigurationList;
			buildConfigurations = (
				EA28EC08297C73DC00A1A695 /* Debug */,
				EA28EC09297C73DC00A1A695 /* Release */,
			);
			defaultConfigurationIsVisible = 0;
			defaultConfigurationName = Release;
		};
		EA28EC0A297C73DC00A1A695 /* Build configuration list for PBXNativeTarget "PrayTimeUITests" */ = {
			isa = XCConfigurationList;
			buildConfigurations = (
				EA28EC0B297C73DC00A1A695 /* Debug */,
				EA28EC0C297C73DC00A1A695 /* Release */,
			);
			defaultConfigurationIsVisible = 0;
			defaultConfigurationName = Release;
		};
/* End XCConfigurationList section */
	};
	rootObject = EA28EBD7297C73DB00A1A695 /* Project object */;
}
